
Microsoft Visual Studio Solution File, Format Version 12.00
# Visual Studio 15
VisualStudioVersion = 15.0.27703.2000
MinimumVisualStudioVersion = 10.0.40219.1
Project("{FAE04EC0-301F-11D3-BF4B-00C04F79EFBC}") = "LearningWPF", "LearningWPF\LearningWPF.csproj", "{B07F5362-DDC3-4AD1-9158-EC845C6CD225}"
EndProject
Global
	GlobalSection(SolutionConfigurationPlatforms) = preSolution
		Debug|Any CPU = Debug|Any CPU
		Release|Any CPU = Release|Any CPU
	EndGlobalSection
	GlobalSection(ProjectConfigurationPlatforms) = postSolution
		{B07F5362-DDC3-4AD1-9158-EC845C6CD225}.Debug|Any CPU.ActiveCfg = Debug|Any CPU
		{B07F5362-DDC3-4AD1-9158-EC845C6CD225}.Debug|Any CPU.Build.0 = Debug|Any CPU
		{B07F5362-DDC3-4AD1-9158-EC845C6CD225}.Release|Any CPU.ActiveCfg = Release|Any CPU
		{B07F5362-DDC3-4AD1-9158-EC845C6CD225}.Release|Any CPU.Build.0 = Release|Any CPU
	EndGlobalSection
	GlobalSection(SolutionProperties) = preSolution
		HideSolutionNode = FALSE
	EndGlobalSection
	GlobalSection(ExtensibilityGlobals) = postSolution
		SolutionGuid = {A81A2C46-5872-4DA3-BDAC-380CB710D3A5}
	EndGlobalSection
EndGlobal
